{
  "version": 4,
  "terraform_version": "0.12.6",
  "serial": 74,
  "lineage": "aa7f2baa-188b-1b16-71e2-2e6e521d416c",
  "outputs": {},
  "resources": [
    {
      "mode": "managed",
      "type": "aws_api_gateway_deployment",
      "name": "gw_deploy",
      "provider": "provider.aws",
      "instances": [
        {
          "schema_version": 0,
          "attributes": {
            "created_date": "2019-08-25T07:13:30Z",
            "description": "",
            "execution_arn": "arn:aws:execute-api:us-west-2:238461155224:1kcvk067cj/v01",
            "id": "30xc5e",
            "invoke_url": "https://1kcvk067cj.execute-api.us-west-2.amazonaws.com/v01",
            "rest_api_id": "1kcvk067cj",
            "stage_description": null,
            "stage_name": "v01",
            "variables": null
          },
          "private": "bnVsbA==",
          "depends_on": [
            "aws_api_gateway_integration.ping_integration",
            "aws_api_gateway_rest_api.gw_api"
          ]
        }
      ]
    },
    {
      "mode": "managed",
      "type": "aws_api_gateway_integration",
      "name": "ping_integration",
      "provider": "provider.aws",
      "instances": [
        {
          "schema_version": 0,
          "attributes": {
            "cache_key_parameters": null,
            "cache_namespace": "elk4b5",
            "connection_id": "",
            "connection_type": "INTERNET",
            "content_handling": "",
            "credentials": "",
            "http_method": "GET",
            "id": "agi-1kcvk067cj-elk4b5-GET",
            "integration_http_method": "POST",
            "passthrough_behavior": "WHEN_NO_MATCH",
            "request_parameters": null,
            "request_parameters_in_json": null,
            "request_templates": null,
            "resource_id": "elk4b5",
            "rest_api_id": "1kcvk067cj",
            "timeout_milliseconds": 29000,
            "type": "AWS_PROXY",
            "uri": "arn:aws:apigateway:us-west-2:lambda:path/2015-03-31/functions/arn:aws:lambda:us-west-2:238461155224:function:ping_handler/invocations"
          },
          "private": "bnVsbA==",
          "depends_on": [
            "aws_api_gateway_method.ping_get",
            "aws_api_gateway_rest_api.gw_api",
            "aws_lambda_function.ping_lambda"
          ]
        }
      ]
    },
    {
      "mode": "managed",
      "type": "aws_api_gateway_method",
      "name": "ping_get",
      "provider": "provider.aws",
      "instances": [
        {
          "schema_version": 0,
          "attributes": {
            "api_key_required": false,
            "authorization": "NONE",
            "authorization_scopes": null,
            "authorizer_id": null,
            "http_method": "GET",
            "id": "agm-1kcvk067cj-elk4b5-GET",
            "request_models": null,
            "request_parameters": null,
            "request_parameters_in_json": null,
            "request_validator_id": null,
            "resource_id": "elk4b5",
            "rest_api_id": "1kcvk067cj"
          },
          "private": "bnVsbA==",
          "depends_on": [
            "aws_api_gateway_resource.ping_resource",
            "aws_api_gateway_rest_api.gw_api"
          ]
        }
      ]
    },
    {
      "mode": "managed",
      "type": "aws_api_gateway_resource",
      "name": "ping_resource",
      "provider": "provider.aws",
      "instances": [
        {
          "schema_version": 0,
          "attributes": {
            "id": "elk4b5",
            "parent_id": "drv2lllijf",
            "path": "/ping",
            "path_part": "ping",
            "rest_api_id": "1kcvk067cj"
          },
          "private": "bnVsbA==",
          "depends_on": [
            "aws_api_gateway_rest_api.gw_api"
          ]
        }
      ]
    },
    {
      "mode": "managed",
      "type": "aws_api_gateway_rest_api",
      "name": "gw_api",
      "provider": "provider.aws",
      "instances": [
        {
          "schema_version": 0,
          "attributes": {
            "api_key_source": "HEADER",
            "binary_media_types": null,
            "body": null,
            "created_date": "2019-08-25T07:13:17Z",
            "description": "Ping Gateway",
            "endpoint_configuration": [
              {
                "types": [
                  "REGIONAL"
                ]
              }
            ],
            "execution_arn": "arn:aws:execute-api:us-west-2:238461155224:1kcvk067cj",
            "id": "1kcvk067cj",
            "minimum_compression_size": -1,
            "name": "PingGateway",
            "policy": "",
            "root_resource_id": "drv2lllijf"
          },
          "private": "bnVsbA=="
        }
      ]
    },
    {
      "mode": "managed",
      "type": "aws_iam_role",
      "name": "ping_role",
      "provider": "provider.aws",
      "instances": [
        {
          "schema_version": 0,
          "attributes": {
            "arn": "arn:aws:iam::238461155224:role/traveler-ping-role",
            "assume_role_policy": "{\"Version\":\"2012-10-17\",\"Statement\":[{\"Sid\":\"\",\"Effect\":\"Allow\",\"Principal\":{\"Service\":\"lambda.amazonaws.com\"},\"Action\":\"sts:AssumeRole\"}]}",
            "create_date": "2019-08-25T07:13:17Z",
            "description": "",
            "force_detach_policies": false,
            "id": "traveler-ping-role",
            "max_session_duration": 3600,
            "name": "traveler-ping-role",
            "name_prefix": null,
            "path": "/",
            "permissions_boundary": null,
            "tags": null,
            "unique_id": "AROATPBLEO6MAM4HQJDZA"
          },
          "private": "bnVsbA=="
        }
      ]
    },
    {
      "mode": "managed",
      "type": "aws_lambda_function",
      "name": "ping_lambda",
      "provider": "provider.aws",
      "instances": [
        {
          "schema_version": 0,
          "attributes": {
            "arn": "arn:aws:lambda:us-west-2:238461155224:function:ping_handler",
            "dead_letter_config": [],
            "description": "ping message handler",
            "environment": [
              {
                "variables": {
                  "foo": "bar"
                }
              }
            ],
            "filename": null,
            "function_name": "ping_handler",
            "handler": "ping_v01.handler",
            "id": "ping_handler",
            "invoke_arn": "arn:aws:apigateway:us-west-2:lambda:path/2015-03-31/functions/arn:aws:lambda:us-west-2:238461155224:function:ping_handler/invocations",
            "kms_key_arn": "",
            "last_modified": "2019-08-25T07:13:28.287+0000",
            "layers": null,
            "memory_size": 128,
            "publish": false,
            "qualified_arn": "arn:aws:lambda:us-west-2:238461155224:function:ping_handler:$LATEST",
            "reserved_concurrent_executions": -1,
            "role": "arn:aws:iam::238461155224:role/traveler-ping-role",
            "runtime": "python3.7",
            "s3_bucket": "lambda.braingang.net",
            "s3_key": "ping-v01.zip",
            "s3_object_version": null,
            "source_code_hash": "GnO5M57RJZ8EEC/+ckyWvWQVmg5wlQMQihNkdVGebo0=",
            "source_code_size": 4156,
            "tags": null,
            "timeout": 3,
            "timeouts": null,
            "tracing_config": [
              {
                "mode": "PassThrough"
              }
            ],
            "version": "$LATEST",
            "vpc_config": []
          },
          "private": "eyJlMmJmYjczMC1lY2FhLTExZTYtOGY4OC0zNDM2M2JjN2M0YzAiOnsiY3JlYXRlIjo2MDAwMDAwMDAwMDB9fQ==",
          "depends_on": [
            "aws_iam_role.ping_role"
          ]
        }
      ]
    }
  ]
}
