{
  "version": 4,
  "terraform_version": "0.12.6",
  "serial": 9,
  "lineage": "63c131a3-efdf-1d34-822d-13e5a199ec23",
  "outputs": {},
  "resources": [
    {
      "mode": "managed",
      "type": "aws_api_gateway_deployment",
      "name": "gw_deploy",
      "provider": "provider.aws",
      "instances": []
    },
    {
      "mode": "managed",
      "type": "aws_api_gateway_integration",
      "name": "ping_integration",
      "provider": "provider.aws",
      "instances": []
    },
    {
      "mode": "managed",
      "type": "aws_api_gateway_method",
      "name": "ping_post",
      "provider": "provider.aws",
      "instances": [
        {
          "schema_version": 0,
          "attributes": {
            "api_key_required": false,
            "authorization": "NONE",
            "authorization_scopes": null,
            "authorizer_id": null,
            "http_method": "POST",
            "id": "agm-lvqa35d2n1-q19iln-POST",
            "request_models": {
              "application/json": "PingRequest"
            },
            "request_parameters": null,
            "request_parameters_in_json": null,
            "request_validator_id": "f78aqb",
            "resource_id": "q19iln",
            "rest_api_id": "lvqa35d2n1"
          },
          "private": "bnVsbA==",
          "depends_on": [
            "aws_api_gateway_model.ping_request_model",
            "aws_api_gateway_request_validator.ping_validator",
            "aws_api_gateway_resource.ping_resource",
            "aws_api_gateway_rest_api.gw_api"
          ]
        }
      ]
    },
    {
      "mode": "managed",
      "type": "aws_api_gateway_method_response",
      "name": "response_200",
      "provider": "provider.aws",
      "instances": [
        {
          "schema_version": 0,
          "attributes": {
            "http_method": "POST",
            "id": "agmr-lvqa35d2n1-q19iln-POST-200",
            "resource_id": "q19iln",
            "response_models": {
              "application/json": "Empty"
            },
            "response_parameters": null,
            "response_parameters_in_json": null,
            "rest_api_id": "lvqa35d2n1",
            "status_code": "200"
          },
          "private": "bnVsbA==",
          "depends_on": [
            "aws_api_gateway_method.ping_post",
            "aws_api_gateway_resource.ping_resource",
            "aws_api_gateway_rest_api.gw_api"
          ]
        }
      ]
    },
    {
      "mode": "managed",
      "type": "aws_api_gateway_model",
      "name": "ping_request_model",
      "provider": "provider.aws",
      "instances": [
        {
          "schema_version": 0,
          "attributes": {
            "content_type": "application/json",
            "description": "ping request model",
            "id": "vip2sd",
            "name": "PingRequest",
            "rest_api_id": "lvqa35d2n1",
            "schema": "{\n  \"$schema\": \"http://json-schema.org/draft-04/schema#\",\n  \"title\": \"PingRequest\",\n  \"type\": \"object\",\n  \"properties\": {\n    \"preamble\": {\n      \"type\": \"object\",\n      \"properties\": {\n        \"transactionUuid\": {\n          \"description\": \"client generated transaction UUID\",\n          \"type\": \"string\",\n          \"format\": \"uuid\"\n        },\n        \"messageVersion\": {\n          \"description\": \"defined by URL\",\n          \"type\": \"integer\"\n        },\n        \"messageType\": {\n          \"description\": \"defined by URL\",\n          \"type\": \"string\"\n        }\n      },\n      \"required\": [\"transactionUuid\"]\n    },\n    \"pingState\": {\"type\": \"boolean\"}\n  },\n  \"required\": [\"preamble\", \"pingState\"]\n}\n"
          },
          "private": "bnVsbA==",
          "depends_on": [
            "aws_api_gateway_rest_api.gw_api"
          ]
        }
      ]
    },
    {
      "mode": "managed",
      "type": "aws_api_gateway_model",
      "name": "ping_response_model",
      "provider": "provider.aws",
      "instances": [
        {
          "schema_version": 0,
          "attributes": {
            "content_type": "application/json",
            "description": "ping response model",
            "id": "vd9bo7",
            "name": "PingResponse",
            "rest_api_id": "lvqa35d2n1",
            "schema": "{\n  \"$schema\": \"http://json-schema.org/draft-04/schema#\",\n  \"title\": \"PingResponse\",\n  \"type\": \"object\",\n  \"properties\": {\n    \"preamble\": {\n      \"type\": \"object\",\n      \"properties\": {\n        \"transactionUuid\": {\n          \"description\": \"client generated transaction UUID\",\n          \"type\": \"string\",\n          \"format\": \"uuid\"\n        },\n        \"messageVersion\": {\n          \"description\": \"defined by URL\",\n          \"type\": \"integer\"\n        },\n        \"messageType\": {\n          \"description\": \"defined by URL\",\n          \"type\": \"string\"\n        }\n      },\n      \"required\": [\"transactionUuid\"]\n    },\n    \"pingState\": {\"type\": \"boolean\"}\n  },\n  \"required\": [\"preamble\", \"pingState\"]\n}\n"
          },
          "private": "bnVsbA==",
          "depends_on": [
            "aws_api_gateway_rest_api.gw_api"
          ]
        }
      ]
    },
    {
      "mode": "managed",
      "type": "aws_api_gateway_request_validator",
      "name": "ping_validator",
      "provider": "provider.aws",
      "instances": [
        {
          "schema_version": 0,
          "attributes": {
            "id": "f78aqb",
            "name": "Ping Validator",
            "rest_api_id": "lvqa35d2n1",
            "validate_request_body": true,
            "validate_request_parameters": true
          },
          "private": "bnVsbA==",
          "depends_on": [
            "aws_api_gateway_rest_api.gw_api"
          ]
        }
      ]
    },
    {
      "mode": "managed",
      "type": "aws_api_gateway_resource",
      "name": "ping_resource",
      "provider": "provider.aws",
      "instances": [
        {
          "schema_version": 0,
          "attributes": {
            "id": "q19iln",
            "parent_id": "ahcf06lmqf",
            "path": "/ping",
            "path_part": "ping",
            "rest_api_id": "lvqa35d2n1"
          },
          "private": "bnVsbA==",
          "depends_on": [
            "aws_api_gateway_rest_api.gw_api"
          ]
        }
      ]
    },
    {
      "mode": "managed",
      "type": "aws_api_gateway_rest_api",
      "name": "gw_api",
      "provider": "provider.aws",
      "instances": [
        {
          "schema_version": 0,
          "attributes": {
            "api_key_source": "HEADER",
            "binary_media_types": null,
            "body": null,
            "created_date": "2019-08-22T06:05:55Z",
            "description": "Jaded Traveler API Gateway",
            "endpoint_configuration": [
              {
                "types": [
                  "REGIONAL"
                ]
              }
            ],
            "execution_arn": "arn:aws:execute-api:us-west-2:238461155224:lvqa35d2n1",
            "id": "lvqa35d2n1",
            "minimum_compression_size": -1,
            "name": "JadedTravelerGateway",
            "policy": "",
            "root_resource_id": "ahcf06lmqf"
          },
          "private": "bnVsbA=="
        }
      ]
    },
    {
      "mode": "managed",
      "type": "aws_iam_role",
      "name": "ping_role",
      "provider": "provider.aws",
      "instances": [
        {
          "schema_version": 0,
          "attributes": {
            "arn": "arn:aws:iam::238461155224:role/traveler-ping-role",
            "assume_role_policy": "{\"Version\":\"2012-10-17\",\"Statement\":[{\"Sid\":\"\",\"Effect\":\"Allow\",\"Principal\":{\"Service\":\"lambda.amazonaws.com\"},\"Action\":\"sts:AssumeRole\"}]}",
            "create_date": "2019-08-22T06:05:55Z",
            "description": "",
            "force_detach_policies": false,
            "id": "traveler-ping-role",
            "max_session_duration": 3600,
            "name": "traveler-ping-role",
            "name_prefix": null,
            "path": "/",
            "permissions_boundary": null,
            "tags": {
              "Name": "traveler-ping-role",
              "Project": "traveler"
            },
            "unique_id": "AROATPBLEO6MEBO7ASSIT"
          },
          "private": "bnVsbA=="
        }
      ]
    },
    {
      "mode": "managed",
      "type": "aws_lambda_permission",
      "name": "api-gateway-invoke-ping-lambda",
      "provider": "provider.aws",
      "instances": []
    }
  ]
}
