{
  "version": 4,
  "terraform_version": "0.12.6",
  "serial": 114,
  "lineage": "63c131a3-efdf-1d34-822d-13e5a199ec23",
  "outputs": {},
  "resources": [
    {
      "mode": "data",
      "type": "template_file",
      "name": "swagger",
      "provider": "provider.template",
      "instances": [
        {
          "schema_version": 0,
          "attributes": {
            "filename": null,
            "id": "2ff8f88b631cb35849a0f0e5a36280ceb24e12b678a9cf3855d3c413695a9efa",
            "rendered": "swagger: '2.0'\n\ninfo:\n  version: '1'\n  title: Ping Demo\n  description: description1\n\nhost: braingang.net\n\nbasePath: /pingdemo/v1\n\nschemes:\n  - http\n  - https\n\npaths:\n  /pings:\n    get:\n      summary: list all pings\n      consumes:\n        - application/json\n      produces:\n        - application/json\n      responses:\n        200:\n          description: happy happy\n          schema:\n            $ref: \"#/definitions/Pings\"\n            \n  /ping/{pingId}:\n    get:\n      summary: specific ping\n      consumes:\n        - application/json\n      produces:\n        - application/json      \n      parameters:\n        - in: path\n          name: pingId\n          type: string\n          required: true\n          description: ping id\n      responses:\n        200:\n          description: happy happy\n\ndefinitions:\n  Ping:\n    required:\n      - id\n      - flag\n    properties:\n      id:\n        type: string\n        format: uuid\n      flag:\n        type: boolean\n  Pings:\n    type: array\n    items:\n      $ref: \"#/definitions/Ping\"\n",
            "template": "swagger: '2.0'\n\ninfo:\n  version: '1'\n  title: Ping Demo\n  description: description1\n\nhost: braingang.net\n\nbasePath: /pingdemo/v1\n\nschemes:\n  - http\n  - https\n\npaths:\n  /pings:\n    get:\n      summary: list all pings\n      consumes:\n        - application/json\n      produces:\n        - application/json\n      responses:\n        200:\n          description: happy happy\n          schema:\n            $ref: \"#/definitions/Pings\"\n            \n  /ping/{pingId}:\n    get:\n      summary: specific ping\n      consumes:\n        - application/json\n      produces:\n        - application/json      \n      parameters:\n        - in: path\n          name: pingId\n          type: string\n          required: true\n          description: ping id\n      responses:\n        200:\n          description: happy happy\n\ndefinitions:\n  Ping:\n    required:\n      - id\n      - flag\n    properties:\n      id:\n        type: string\n        format: uuid\n      flag:\n        type: boolean\n  Pings:\n    type: array\n    items:\n      $ref: \"#/definitions/Ping\"\n",
            "vars": {
              "post_lambda_arn": "arn:aws:apigateway:us-west-2:lambda:path/2015-03-31/functions/arn:aws:lambda:us-west-2:238461155224:function:ping_handler/invocations"
            }
          },
          "depends_on": [
            "aws_lambda_function.ping_lambda"
          ]
        }
      ]
    },
    {
      "mode": "managed",
      "type": "aws_api_gateway_deployment",
      "name": "gw_deploy",
      "provider": "provider.aws",
      "instances": []
    },
    {
      "mode": "managed",
      "type": "aws_api_gateway_integration",
      "name": "ping_get_integration",
      "provider": "provider.aws",
      "instances": []
    },
    {
      "mode": "managed",
      "type": "aws_api_gateway_integration",
      "name": "ping_post_integration",
      "provider": "provider.aws",
      "instances": []
    },
    {
      "mode": "managed",
      "type": "aws_api_gateway_integration_response",
      "name": "ping_integration_response2",
      "provider": "provider.aws",
      "instances": []
    },
    {
      "mode": "managed",
      "type": "aws_api_gateway_method",
      "name": "ping_get",
      "provider": "provider.aws",
      "instances": []
    },
    {
      "mode": "managed",
      "type": "aws_api_gateway_method",
      "name": "ping_post",
      "provider": "provider.aws",
      "instances": []
    },
    {
      "mode": "managed",
      "type": "aws_api_gateway_method_response",
      "name": "response_200",
      "provider": "provider.aws",
      "instances": []
    },
    {
      "mode": "managed",
      "type": "aws_api_gateway_model",
      "name": "ping_request_model",
      "provider": "provider.aws",
      "instances": [
        {
          "schema_version": 0,
          "attributes": {
            "content_type": "application/json",
            "description": "ping request model",
            "id": "5l2w14",
            "name": "PingRequest",
            "rest_api_id": "f3508w8ux7",
            "schema": "{\n  \"$schema\": \"http://json-schema.org/draft-04/schema#\",\n  \"title\": \"PingRequest\",\n  \"type\": \"object\",\n  \"properties\": {\n    \"preamble\": {\n      \"type\": \"object\",\n      \"properties\": {\n        \"transactionUuid\": {\n          \"description\": \"client generated transaction UUID\",\n          \"type\": \"string\",\n          \"format\": \"uuid\"\n        },\n        \"messageVersion\": {\n          \"description\": \"defined by URL\",\n          \"type\": \"integer\"\n        },\n        \"messageType\": {\n          \"description\": \"defined by URL\",\n          \"type\": \"string\"\n        }\n      },\n      \"required\": [\"transactionUuid\"]\n    },\n    \"pingState\": {\"type\": \"boolean\"}\n  },\n  \"required\": [\"preamble\", \"pingState\"]\n}\n"
          },
          "private": "bnVsbA==",
          "depends_on": [
            "aws_api_gateway_rest_api.gw_api"
          ]
        }
      ]
    },
    {
      "mode": "managed",
      "type": "aws_api_gateway_model",
      "name": "ping_response_model",
      "provider": "provider.aws",
      "instances": [
        {
          "schema_version": 0,
          "attributes": {
            "content_type": "application/json",
            "description": "ping response model",
            "id": "7rkn1h",
            "name": "PingResponse",
            "rest_api_id": "f3508w8ux7",
            "schema": "{\n  \"$schema\": \"http://json-schema.org/draft-04/schema#\",\n  \"title\": \"PingResponse\",\n  \"type\": \"object\",\n  \"properties\": {\n    \"preamble\": {\n      \"type\": \"object\",\n      \"properties\": {\n        \"transactionUuid\": {\n          \"description\": \"client generated transaction UUID\",\n          \"type\": \"string\",\n          \"format\": \"uuid\"\n        },\n        \"messageVersion\": {\n          \"description\": \"defined by URL\",\n          \"type\": \"integer\"\n        },\n        \"messageType\": {\n          \"description\": \"defined by URL\",\n          \"type\": \"string\"\n        }\n      },\n      \"required\": [\"transactionUuid\"]\n    },\n    \"pingState\": {\"type\": \"boolean\"}\n  },\n  \"required\": [\"preamble\", \"pingState\"]\n}\n"
          },
          "private": "bnVsbA==",
          "depends_on": [
            "aws_api_gateway_rest_api.gw_api"
          ]
        }
      ]
    },
    {
      "mode": "managed",
      "type": "aws_api_gateway_request_validator",
      "name": "ping_validator",
      "provider": "provider.aws",
      "instances": [
        {
          "schema_version": 0,
          "attributes": {
            "id": "4wky9f",
            "name": "ping validator",
            "rest_api_id": "f3508w8ux7",
            "validate_request_body": true,
            "validate_request_parameters": true
          },
          "private": "bnVsbA==",
          "depends_on": [
            "aws_api_gateway_rest_api.gw_api"
          ]
        }
      ]
    },
    {
      "mode": "managed",
      "type": "aws_api_gateway_rest_api",
      "name": "gw_api",
      "provider": "provider.aws",
      "instances": [
        {
          "schema_version": 0,
          "attributes": {
            "api_key_source": "HEADER",
            "binary_media_types": null,
            "body": "swagger: '2.0'\n\ninfo:\n  version: '1'\n  title: Ping Demo\n  description: description1\n\nhost: braingang.net\n\nbasePath: /pingdemo/v1\n\nschemes:\n  - http\n  - https\n\npaths:\n  /pings:\n    get:\n      summary: list all pings\n      consumes:\n        - application/json\n      produces:\n        - application/json\n      responses:\n        200:\n          description: happy happy\n          schema:\n            $ref: \"#/definitions/Pings\"\n            \n  /ping/{pingId}:\n    get:\n      summary: specific ping\n      consumes:\n        - application/json\n      produces:\n        - application/json      \n      parameters:\n        - in: path\n          name: pingId\n          type: string\n          required: true\n          description: ping id\n      responses:\n        200:\n          description: happy happy\n\ndefinitions:\n  Ping:\n    required:\n      - id\n      - flag\n    properties:\n      id:\n        type: string\n        format: uuid\n      flag:\n        type: boolean\n  Pings:\n    type: array\n    items:\n      $ref: \"#/definitions/Ping\"\n",
            "created_date": "2019-08-30T06:06:30Z",
            "description": "description1",
            "endpoint_configuration": [
              {
                "types": [
                  "REGIONAL"
                ]
              }
            ],
            "execution_arn": "arn:aws:execute-api:us-west-2:238461155224:f3508w8ux7",
            "id": "f3508w8ux7",
            "minimum_compression_size": -1,
            "name": "Ping Demo",
            "policy": "",
            "root_resource_id": "gxlz6wgove"
          },
          "private": "bnVsbA==",
          "depends_on": [
            "data.template_file.swagger"
          ]
        }
      ]
    },
    {
      "mode": "managed",
      "type": "aws_iam_role",
      "name": "ping_role",
      "provider": "provider.aws",
      "instances": [
        {
          "schema_version": 0,
          "attributes": {
            "arn": "arn:aws:iam::238461155224:role/ping-role",
            "assume_role_policy": "{\"Version\":\"2012-10-17\",\"Statement\":[{\"Sid\":\"\",\"Effect\":\"Allow\",\"Principal\":{\"Service\":\"lambda.amazonaws.com\"},\"Action\":\"sts:AssumeRole\"}]}",
            "create_date": "2019-08-30T06:06:20Z",
            "description": "",
            "force_detach_policies": false,
            "id": "ping-role",
            "max_session_duration": 3600,
            "name": "ping-role",
            "name_prefix": null,
            "path": "/",
            "permissions_boundary": null,
            "tags": null,
            "unique_id": "AROATPBLEO6MI4NABORGD"
          },
          "private": "bnVsbA=="
        }
      ]
    },
    {
      "mode": "managed",
      "type": "aws_lambda_function",
      "name": "ping_lambda",
      "provider": "provider.aws",
      "instances": [
        {
          "schema_version": 0,
          "attributes": {
            "arn": "arn:aws:lambda:us-west-2:238461155224:function:ping_handler",
            "dead_letter_config": [],
            "description": "ping message handler",
            "environment": [],
            "filename": null,
            "function_name": "ping_handler",
            "handler": "ping_v01.handler",
            "id": "ping_handler",
            "invoke_arn": "arn:aws:apigateway:us-west-2:lambda:path/2015-03-31/functions/arn:aws:lambda:us-west-2:238461155224:function:ping_handler/invocations",
            "kms_key_arn": "",
            "last_modified": "2019-08-30T06:06:29.966+0000",
            "layers": null,
            "memory_size": 128,
            "publish": false,
            "qualified_arn": "arn:aws:lambda:us-west-2:238461155224:function:ping_handler:$LATEST",
            "reserved_concurrent_executions": -1,
            "role": "arn:aws:iam::238461155224:role/ping-role",
            "runtime": "python3.7",
            "s3_bucket": "lambda.braingang.net",
            "s3_key": "ping-v01.zip",
            "s3_object_version": null,
            "source_code_hash": "GnO5M57RJZ8EEC/+ckyWvWQVmg5wlQMQihNkdVGebo0=",
            "source_code_size": 4156,
            "tags": null,
            "timeout": 3,
            "timeouts": null,
            "tracing_config": [
              {
                "mode": "PassThrough"
              }
            ],
            "version": "$LATEST",
            "vpc_config": []
          },
          "private": "eyJlMmJmYjczMC1lY2FhLTExZTYtOGY4OC0zNDM2M2JjN2M0YzAiOnsiY3JlYXRlIjo2MDAwMDAwMDAwMDB9fQ==",
          "depends_on": [
            "aws_iam_role.ping_role"
          ]
        }
      ]
    },
    {
      "mode": "managed",
      "type": "aws_lambda_permission",
      "name": "allow_api_gateway",
      "provider": "provider.aws",
      "instances": []
    }
  ]
}
