{
  "version": 4,
  "terraform_version": "0.12.6",
  "serial": 91,
  "lineage": "63c131a3-efdf-1d34-822d-13e5a199ec23",
  "outputs": {},
  "resources": [
    {
      "mode": "managed",
      "type": "aws_api_gateway_deployment",
      "name": "gw_deploy",
      "provider": "provider.aws",
      "instances": [
        {
          "schema_version": 0,
          "attributes": {
            "created_date": "2019-08-28T05:56:51Z",
            "description": "",
            "execution_arn": "arn:aws:execute-api:us-west-2:238461155224:p2lednc85e/v01",
            "id": "z64pro",
            "invoke_url": "https://p2lednc85e.execute-api.us-west-2.amazonaws.com/v01",
            "rest_api_id": "p2lednc85e",
            "stage_description": null,
            "stage_name": "v01",
            "variables": null
          },
          "private": "bnVsbA==",
          "depends_on": [
            "aws_api_gateway_integration.ping_get_integration",
            "aws_api_gateway_rest_api.gw_api"
          ]
        }
      ]
    },
    {
      "mode": "managed",
      "type": "aws_api_gateway_integration",
      "name": "ping_get_integration",
      "provider": "provider.aws",
      "instances": [
        {
          "schema_version": 0,
          "attributes": {
            "cache_key_parameters": [],
            "cache_namespace": "03o7q6",
            "connection_id": "",
            "connection_type": "INTERNET",
            "content_handling": "",
            "credentials": "",
            "http_method": "GET",
            "id": "agi-p2lednc85e-03o7q6-GET",
            "integration_http_method": "POST",
            "passthrough_behavior": "WHEN_NO_MATCH",
            "request_parameters": {},
            "request_parameters_in_json": null,
            "request_templates": {},
            "resource_id": "03o7q6",
            "rest_api_id": "p2lednc85e",
            "timeout_milliseconds": 29000,
            "type": "AWS_PROXY",
            "uri": "arn:aws:apigateway:us-west-2:lambda:path/2015-03-31/functions/arn:aws:lambda:us-west-2:238461155224:function:ping_handler/invocations"
          },
          "private": "bnVsbA==",
          "depends_on": [
            "aws_api_gateway_method.ping_get",
            "aws_api_gateway_rest_api.gw_api",
            "aws_lambda_function.ping_lambda"
          ]
        }
      ]
    },
    {
      "mode": "managed",
      "type": "aws_api_gateway_integration",
      "name": "ping_post_integration",
      "provider": "provider.aws",
      "instances": [
        {
          "schema_version": 0,
          "attributes": {
            "cache_key_parameters": null,
            "cache_namespace": "03o7q6",
            "connection_id": "",
            "connection_type": "INTERNET",
            "content_handling": "",
            "credentials": "",
            "http_method": "POST",
            "id": "agi-p2lednc85e-03o7q6-POST",
            "integration_http_method": "",
            "passthrough_behavior": "WHEN_NO_MATCH",
            "request_parameters": null,
            "request_parameters_in_json": null,
            "request_templates": null,
            "resource_id": "03o7q6",
            "rest_api_id": "p2lednc85e",
            "timeout_milliseconds": 29000,
            "type": "MOCK",
            "uri": ""
          },
          "private": "bnVsbA==",
          "depends_on": [
            "aws_api_gateway_method.ping_post",
            "aws_api_gateway_rest_api.gw_api",
            "aws_lambda_function.ping_lambda"
          ]
        }
      ]
    },
    {
      "mode": "managed",
      "type": "aws_api_gateway_method",
      "name": "ping_get",
      "provider": "provider.aws",
      "instances": [
        {
          "schema_version": 0,
          "attributes": {
            "api_key_required": false,
            "authorization": "NONE",
            "authorization_scopes": [],
            "authorizer_id": "",
            "http_method": "GET",
            "id": "agm-p2lednc85e-03o7q6-GET",
            "request_models": {},
            "request_parameters": {},
            "request_parameters_in_json": null,
            "request_validator_id": "",
            "resource_id": "03o7q6",
            "rest_api_id": "p2lednc85e"
          },
          "private": "bnVsbA==",
          "depends_on": [
            "aws_api_gateway_resource.ping_resource",
            "aws_api_gateway_rest_api.gw_api"
          ]
        }
      ]
    },
    {
      "mode": "managed",
      "type": "aws_api_gateway_method",
      "name": "ping_post",
      "provider": "provider.aws",
      "instances": [
        {
          "schema_version": 0,
          "attributes": {
            "api_key_required": false,
            "authorization": "NONE",
            "authorization_scopes": [],
            "authorizer_id": "",
            "http_method": "POST",
            "id": "agm-p2lednc85e-03o7q6-POST",
            "request_models": {
              "application/json": "PingRequest"
            },
            "request_parameters": {},
            "request_parameters_in_json": null,
            "request_validator_id": "ivtc56",
            "resource_id": "03o7q6",
            "rest_api_id": "p2lednc85e"
          },
          "private": "bnVsbA==",
          "depends_on": [
            "aws_api_gateway_model.ping_request_model",
            "aws_api_gateway_request_validator.ping_validator",
            "aws_api_gateway_resource.ping_resource",
            "aws_api_gateway_rest_api.gw_api"
          ]
        }
      ]
    },
    {
      "mode": "managed",
      "type": "aws_api_gateway_method_response",
      "name": "response_200",
      "provider": "provider.aws",
      "instances": [
        {
          "schema_version": 0,
          "attributes": {
            "http_method": "POST",
            "id": "agmr-p2lednc85e-03o7q6-POST-200",
            "resource_id": "03o7q6",
            "response_models": {
              "application/json": "Empty"
            },
            "response_parameters": {},
            "response_parameters_in_json": null,
            "rest_api_id": "p2lednc85e",
            "status_code": "200"
          },
          "private": "bnVsbA==",
          "depends_on": [
            "aws_api_gateway_method.ping_post",
            "aws_api_gateway_resource.ping_resource",
            "aws_api_gateway_rest_api.gw_api"
          ]
        }
      ]
    },
    {
      "mode": "managed",
      "type": "aws_api_gateway_model",
      "name": "ping_request_model",
      "provider": "provider.aws",
      "instances": [
        {
          "schema_version": 0,
          "attributes": {
            "content_type": "application/json",
            "description": "ping request model",
            "id": "wdlym2",
            "name": "PingRequest",
            "rest_api_id": "p2lednc85e",
            "schema": "{\n  \"$schema\": \"http://json-schema.org/draft-04/schema#\",\n  \"title\": \"PingRequest\",\n  \"type\": \"object\",\n  \"properties\": {\n    \"preamble\": {\n      \"type\": \"object\",\n      \"properties\": {\n        \"transactionUuid\": {\n          \"description\": \"client generated transaction UUID\",\n          \"type\": \"string\",\n          \"format\": \"uuid\"\n        },\n        \"messageVersion\": {\n          \"description\": \"defined by URL\",\n          \"type\": \"integer\"\n        },\n        \"messageType\": {\n          \"description\": \"defined by URL\",\n          \"type\": \"string\"\n        }\n      },\n      \"required\": [\"transactionUuid\"]\n    },\n    \"pingState\": {\"type\": \"boolean\"}\n  },\n  \"required\": [\"preamble\", \"pingState\"]\n}\n"
          },
          "private": "bnVsbA==",
          "depends_on": [
            "aws_api_gateway_rest_api.gw_api"
          ]
        }
      ]
    },
    {
      "mode": "managed",
      "type": "aws_api_gateway_model",
      "name": "ping_response_model",
      "provider": "provider.aws",
      "instances": [
        {
          "schema_version": 0,
          "attributes": {
            "content_type": "application/json",
            "description": "ping response model",
            "id": "8kkzxa",
            "name": "PingResponse",
            "rest_api_id": "p2lednc85e",
            "schema": "{\n  \"$schema\": \"http://json-schema.org/draft-04/schema#\",\n  \"title\": \"PingResponse\",\n  \"type\": \"object\",\n  \"properties\": {\n    \"preamble\": {\n      \"type\": \"object\",\n      \"properties\": {\n        \"transactionUuid\": {\n          \"description\": \"client generated transaction UUID\",\n          \"type\": \"string\",\n          \"format\": \"uuid\"\n        },\n        \"messageVersion\": {\n          \"description\": \"defined by URL\",\n          \"type\": \"integer\"\n        },\n        \"messageType\": {\n          \"description\": \"defined by URL\",\n          \"type\": \"string\"\n        }\n      },\n      \"required\": [\"transactionUuid\"]\n    },\n    \"pingState\": {\"type\": \"boolean\"}\n  },\n  \"required\": [\"preamble\", \"pingState\"]\n}\n"
          },
          "private": "bnVsbA==",
          "depends_on": [
            "aws_api_gateway_rest_api.gw_api"
          ]
        }
      ]
    },
    {
      "mode": "managed",
      "type": "aws_api_gateway_request_validator",
      "name": "ping_validator",
      "provider": "provider.aws",
      "instances": [
        {
          "schema_version": 0,
          "attributes": {
            "id": "ivtc56",
            "name": "ping validator",
            "rest_api_id": "p2lednc85e",
            "validate_request_body": true,
            "validate_request_parameters": true
          },
          "private": "bnVsbA==",
          "depends_on": [
            "aws_api_gateway_rest_api.gw_api"
          ]
        }
      ]
    },
    {
      "mode": "managed",
      "type": "aws_api_gateway_resource",
      "name": "ping_resource",
      "provider": "provider.aws",
      "instances": [
        {
          "schema_version": 0,
          "attributes": {
            "id": "03o7q6",
            "parent_id": "yn6664jrla",
            "path": "/ping",
            "path_part": "ping",
            "rest_api_id": "p2lednc85e"
          },
          "private": "bnVsbA==",
          "depends_on": [
            "aws_api_gateway_rest_api.gw_api"
          ]
        }
      ]
    },
    {
      "mode": "managed",
      "type": "aws_api_gateway_rest_api",
      "name": "gw_api",
      "provider": "provider.aws",
      "instances": [
        {
          "schema_version": 0,
          "attributes": {
            "api_key_source": "HEADER",
            "binary_media_types": [],
            "body": null,
            "created_date": "2019-08-28T05:56:32Z",
            "description": "Ping Gateway",
            "endpoint_configuration": [
              {
                "types": [
                  "REGIONAL"
                ]
              }
            ],
            "execution_arn": "arn:aws:execute-api:us-west-2:238461155224:p2lednc85e",
            "id": "p2lednc85e",
            "minimum_compression_size": -1,
            "name": "PingGateway",
            "policy": "",
            "root_resource_id": "yn6664jrla"
          },
          "private": "bnVsbA=="
        }
      ]
    },
    {
      "mode": "managed",
      "type": "aws_iam_role",
      "name": "ping_role",
      "provider": "provider.aws",
      "instances": [
        {
          "schema_version": 0,
          "attributes": {
            "arn": "arn:aws:iam::238461155224:role/ping-role",
            "assume_role_policy": "{\"Version\":\"2012-10-17\",\"Statement\":[{\"Sid\":\"\",\"Effect\":\"Allow\",\"Principal\":{\"Service\":\"lambda.amazonaws.com\"},\"Action\":\"sts:AssumeRole\"}]}",
            "create_date": "2019-08-28T05:56:32Z",
            "description": "",
            "force_detach_policies": false,
            "id": "ping-role",
            "max_session_duration": 3600,
            "name": "ping-role",
            "name_prefix": null,
            "path": "/",
            "permissions_boundary": null,
            "tags": {},
            "unique_id": "AROATPBLEO6MLGX4ZKOKX"
          },
          "private": "bnVsbA=="
        }
      ]
    },
    {
      "mode": "managed",
      "type": "aws_lambda_function",
      "name": "ping_lambda",
      "provider": "provider.aws",
      "instances": [
        {
          "schema_version": 0,
          "attributes": {
            "arn": "arn:aws:lambda:us-west-2:238461155224:function:ping_handler",
            "dead_letter_config": [],
            "description": "ping message handler",
            "environment": [],
            "filename": null,
            "function_name": "ping_handler",
            "handler": "ping_v01.handler",
            "id": "ping_handler",
            "invoke_arn": "arn:aws:apigateway:us-west-2:lambda:path/2015-03-31/functions/arn:aws:lambda:us-west-2:238461155224:function:ping_handler/invocations",
            "kms_key_arn": "",
            "last_modified": "2019-08-28T05:56:52.257+0000",
            "layers": [],
            "memory_size": 128,
            "publish": false,
            "qualified_arn": "arn:aws:lambda:us-west-2:238461155224:function:ping_handler:$LATEST",
            "reserved_concurrent_executions": -1,
            "role": "arn:aws:iam::238461155224:role/ping-role",
            "runtime": "python3.7",
            "s3_bucket": "lambda.braingang.net",
            "s3_key": "ping-v01.zip",
            "s3_object_version": null,
            "source_code_hash": "GnO5M57RJZ8EEC/+ckyWvWQVmg5wlQMQihNkdVGebo0=",
            "source_code_size": 4156,
            "tags": {},
            "timeout": 3,
            "timeouts": null,
            "tracing_config": [
              {
                "mode": "PassThrough"
              }
            ],
            "version": "$LATEST",
            "vpc_config": []
          },
          "private": "eyJlMmJmYjczMC1lY2FhLTExZTYtOGY4OC0zNDM2M2JjN2M0YzAiOnsiY3JlYXRlIjo2MDAwMDAwMDAwMDB9fQ==",
          "depends_on": [
            "aws_iam_role.ping_role"
          ]
        }
      ]
    },
    {
      "mode": "managed",
      "type": "aws_lambda_permission",
      "name": "allow_api_gateway",
      "provider": "provider.aws",
      "instances": [
        {
          "schema_version": 0,
          "attributes": {
            "action": "lambda:InvokeFunction",
            "event_source_token": null,
            "function_name": "ping_handler",
            "id": "AllowExecutionFromApiGateway",
            "principal": "apigateway.amazonaws.com",
            "qualifier": "",
            "source_account": null,
            "source_arn": "arn:aws:execute-api:us-west-2:238461155224:p2lednc85e/v01/*/*",
            "statement_id": "AllowExecutionFromApiGateway",
            "statement_id_prefix": null
          },
          "private": "bnVsbA==",
          "depends_on": [
            "aws_api_gateway_deployment.gw_deploy",
            "aws_lambda_function.ping_lambda"
          ]
        }
      ]
    }
  ]
}
